
Microsoft Visual Studio Solution File, Format Version 12.00
# Visual Studio 2013
VisualStudioVersion = 12.0.31101.0
MinimumVisualStudioVersion = 10.0.40219.1
Project("{8BC9CEB8-8B4A-11D0-8D11-00A0C91BC942}") = "sink", "sink\sink.vcxproj", "{12A13128-8B8F-4C17-B5B8-3BA90E172589}"
EndProject
Project("{8BC9CEB8-8B4A-11D0-8D11-00A0C91BC942}") = "XmlEnum", "XmlEnum\XmlEnum.vcxproj", "{F5AEBEA4-C5D1-40E3-995E-B582E50C3928}"
EndProject
Project("{8BC9CEB8-8B4A-11D0-8D11-00A0C91BC942}") = "XmlBin", "XmlBin\XmlBin.vcxproj", "{FBA9E75D-6BE9-44C4-AAE1-165ED1C37E86}"
EndProject
Project("{8BC9CEB8-8B4A-11D0-8D11-00A0C91BC942}") = "debugAvs", "AvsCore\debugAvs.vcxproj", "{A0511F7E-F7EF-4C13-A887-C62E5574D3D6}"
EndProject
Project("{8BC9CEB8-8B4A-11D0-8D11-00A0C91BC942}") = "yayoi", "yayoi\yayoi.vcxproj", "{93AA4412-165A-4E34-A989-29A150997689}"
EndProject
Project("{8BC9CEB8-8B4A-11D0-8D11-00A0C91BC942}") = "honoka", "honoka\honoka.vcxproj", "{D89CE27E-B399-4C5E-8CC2-A4EAEA07E766}"
EndProject
Project("{8BC9CEB8-8B4A-11D0-8D11-00A0C91BC942}") = "ResTest", "ResTest\ResTest.vcxproj", "{FF12994E-A97D-4876-B522-09B1504075A1}"
EndProject
Project("{8BC9CEB8-8B4A-11D0-8D11-00A0C91BC942}") = "libavswin", "libavswin\libavswin.vcxproj", "{58AD8B7F-22B0-4A0D-AF4F-E52C00DE742F}"
EndProject
Project("{8BC9CEB8-8B4A-11D0-8D11-00A0C91BC942}") = "libavsCTR", "libavsCTR\libavsCTR.vcxproj", "{BBAC707B-44EA-45BA-AD93-323871F837AE}"
EndProject
Global
	GlobalSection(SolutionConfigurationPlatforms) = preSolution
		Debug|CTR = Debug|CTR
		Debug|Mixed Platforms = Debug|Mixed Platforms
		Debug|Win32 = Debug|Win32
		Develop|CTR = Develop|CTR
		Develop|Mixed Platforms = Develop|Mixed Platforms
		Develop|Win32 = Develop|Win32
		Release|CTR = Release|CTR
		Release|Mixed Platforms = Release|Mixed Platforms
		Release|Win32 = Release|Win32
	EndGlobalSection
	GlobalSection(ProjectConfigurationPlatforms) = postSolution
		{12A13128-8B8F-4C17-B5B8-3BA90E172589}.Debug|CTR.ActiveCfg = Debug|Win32
		{12A13128-8B8F-4C17-B5B8-3BA90E172589}.Debug|Mixed Platforms.ActiveCfg = Debug|Win32
		{12A13128-8B8F-4C17-B5B8-3BA90E172589}.Debug|Mixed Platforms.Build.0 = Debug|Win32
		{12A13128-8B8F-4C17-B5B8-3BA90E172589}.Debug|Win32.ActiveCfg = Debug|Win32
		{12A13128-8B8F-4C17-B5B8-3BA90E172589}.Debug|Win32.Build.0 = Debug|Win32
		{12A13128-8B8F-4C17-B5B8-3BA90E172589}.Develop|CTR.ActiveCfg = Debug|Win32
		{12A13128-8B8F-4C17-B5B8-3BA90E172589}.Develop|Mixed Platforms.ActiveCfg = Debug|Win32
		{12A13128-8B8F-4C17-B5B8-3BA90E172589}.Develop|Mixed Platforms.Build.0 = Debug|Win32
		{12A13128-8B8F-4C17-B5B8-3BA90E172589}.Develop|Win32.ActiveCfg = Debug|Win32
		{12A13128-8B8F-4C17-B5B8-3BA90E172589}.Develop|Win32.Build.0 = Debug|Win32
		{12A13128-8B8F-4C17-B5B8-3BA90E172589}.Release|CTR.ActiveCfg = Release|Win32
		{12A13128-8B8F-4C17-B5B8-3BA90E172589}.Release|Mixed Platforms.ActiveCfg = Release|Win32
		{12A13128-8B8F-4C17-B5B8-3BA90E172589}.Release|Mixed Platforms.Build.0 = Release|Win32
		{12A13128-8B8F-4C17-B5B8-3BA90E172589}.Release|Win32.ActiveCfg = Debug|Win32
		{12A13128-8B8F-4C17-B5B8-3BA90E172589}.Release|Win32.Build.0 = Debug|Win32
		{F5AEBEA4-C5D1-40E3-995E-B582E50C3928}.Debug|CTR.ActiveCfg = Debug|Win32
		{F5AEBEA4-C5D1-40E3-995E-B582E50C3928}.Debug|Mixed Platforms.ActiveCfg = Debug|Win32
		{F5AEBEA4-C5D1-40E3-995E-B582E50C3928}.Debug|Mixed Platforms.Build.0 = Debug|Win32
		{F5AEBEA4-C5D1-40E3-995E-B582E50C3928}.Debug|Win32.ActiveCfg = Debug|Win32
		{F5AEBEA4-C5D1-40E3-995E-B582E50C3928}.Debug|Win32.Build.0 = Debug|Win32
		{F5AEBEA4-C5D1-40E3-995E-B582E50C3928}.Develop|CTR.ActiveCfg = Debug|Win32
		{F5AEBEA4-C5D1-40E3-995E-B582E50C3928}.Develop|Mixed Platforms.ActiveCfg = Debug|Win32
		{F5AEBEA4-C5D1-40E3-995E-B582E50C3928}.Develop|Mixed Platforms.Build.0 = Debug|Win32
		{F5AEBEA4-C5D1-40E3-995E-B582E50C3928}.Develop|Win32.ActiveCfg = Debug|Win32
		{F5AEBEA4-C5D1-40E3-995E-B582E50C3928}.Develop|Win32.Build.0 = Debug|Win32
		{F5AEBEA4-C5D1-40E3-995E-B582E50C3928}.Release|CTR.ActiveCfg = Release|Win32
		{F5AEBEA4-C5D1-40E3-995E-B582E50C3928}.Release|Mixed Platforms.ActiveCfg = Release|Win32
		{F5AEBEA4-C5D1-40E3-995E-B582E50C3928}.Release|Mixed Platforms.Build.0 = Release|Win32
		{F5AEBEA4-C5D1-40E3-995E-B582E50C3928}.Release|Win32.ActiveCfg = Release|Win32
		{F5AEBEA4-C5D1-40E3-995E-B582E50C3928}.Release|Win32.Build.0 = Release|Win32
		{FBA9E75D-6BE9-44C4-AAE1-165ED1C37E86}.Debug|CTR.ActiveCfg = Debug|Win32
		{FBA9E75D-6BE9-44C4-AAE1-165ED1C37E86}.Debug|Mixed Platforms.ActiveCfg = Debug|Win32
		{FBA9E75D-6BE9-44C4-AAE1-165ED1C37E86}.Debug|Mixed Platforms.Build.0 = Debug|Win32
		{FBA9E75D-6BE9-44C4-AAE1-165ED1C37E86}.Debug|Win32.ActiveCfg = Debug|Win32
		{FBA9E75D-6BE9-44C4-AAE1-165ED1C37E86}.Debug|Win32.Build.0 = Debug|Win32
		{FBA9E75D-6BE9-44C4-AAE1-165ED1C37E86}.Develop|CTR.ActiveCfg = Debug|Win32
		{FBA9E75D-6BE9-44C4-AAE1-165ED1C37E86}.Develop|Mixed Platforms.ActiveCfg = Debug|Win32
		{FBA9E75D-6BE9-44C4-AAE1-165ED1C37E86}.Develop|Mixed Platforms.Build.0 = Debug|Win32
		{FBA9E75D-6BE9-44C4-AAE1-165ED1C37E86}.Develop|Win32.ActiveCfg = Debug|Win32
		{FBA9E75D-6BE9-44C4-AAE1-165ED1C37E86}.Develop|Win32.Build.0 = Debug|Win32
		{FBA9E75D-6BE9-44C4-AAE1-165ED1C37E86}.Release|CTR.ActiveCfg = Release|Win32
		{FBA9E75D-6BE9-44C4-AAE1-165ED1C37E86}.Release|Mixed Platforms.ActiveCfg = Release|Win32
		{FBA9E75D-6BE9-44C4-AAE1-165ED1C37E86}.Release|Mixed Platforms.Build.0 = Release|Win32
		{FBA9E75D-6BE9-44C4-AAE1-165ED1C37E86}.Release|Win32.ActiveCfg = Release|Win32
		{FBA9E75D-6BE9-44C4-AAE1-165ED1C37E86}.Release|Win32.Build.0 = Release|Win32
		{A0511F7E-F7EF-4C13-A887-C62E5574D3D6}.Debug|CTR.ActiveCfg = Debug|Win32
		{A0511F7E-F7EF-4C13-A887-C62E5574D3D6}.Debug|Mixed Platforms.ActiveCfg = Debug|Win32
		{A0511F7E-F7EF-4C13-A887-C62E5574D3D6}.Debug|Mixed Platforms.Build.0 = Debug|Win32
		{A0511F7E-F7EF-4C13-A887-C62E5574D3D6}.Debug|Win32.ActiveCfg = Debug|Win32
		{A0511F7E-F7EF-4C13-A887-C62E5574D3D6}.Debug|Win32.Build.0 = Debug|Win32
		{A0511F7E-F7EF-4C13-A887-C62E5574D3D6}.Develop|CTR.ActiveCfg = Debug|Win32
		{A0511F7E-F7EF-4C13-A887-C62E5574D3D6}.Develop|Mixed Platforms.ActiveCfg = Debug|Win32
		{A0511F7E-F7EF-4C13-A887-C62E5574D3D6}.Develop|Mixed Platforms.Build.0 = Debug|Win32
		{A0511F7E-F7EF-4C13-A887-C62E5574D3D6}.Develop|Win32.ActiveCfg = Debug|Win32
		{A0511F7E-F7EF-4C13-A887-C62E5574D3D6}.Develop|Win32.Build.0 = Debug|Win32
		{A0511F7E-F7EF-4C13-A887-C62E5574D3D6}.Release|CTR.ActiveCfg = Release|Win32
		{A0511F7E-F7EF-4C13-A887-C62E5574D3D6}.Release|Mixed Platforms.ActiveCfg = Release|Win32
		{A0511F7E-F7EF-4C13-A887-C62E5574D3D6}.Release|Mixed Platforms.Build.0 = Release|Win32
		{A0511F7E-F7EF-4C13-A887-C62E5574D3D6}.Release|Win32.ActiveCfg = Release|Win32
		{A0511F7E-F7EF-4C13-A887-C62E5574D3D6}.Release|Win32.Build.0 = Release|Win32
		{93AA4412-165A-4E34-A989-29A150997689}.Debug|CTR.ActiveCfg = Debug|Win32
		{93AA4412-165A-4E34-A989-29A150997689}.Debug|Mixed Platforms.ActiveCfg = Debug|Win32
		{93AA4412-165A-4E34-A989-29A150997689}.Debug|Mixed Platforms.Build.0 = Debug|Win32
		{93AA4412-165A-4E34-A989-29A150997689}.Debug|Win32.ActiveCfg = Debug|Win32
		{93AA4412-165A-4E34-A989-29A150997689}.Debug|Win32.Build.0 = Debug|Win32
		{93AA4412-165A-4E34-A989-29A150997689}.Develop|CTR.ActiveCfg = Debug|Win32
		{93AA4412-165A-4E34-A989-29A150997689}.Develop|Mixed Platforms.ActiveCfg = Debug|Win32
		{93AA4412-165A-4E34-A989-29A150997689}.Develop|Mixed Platforms.Build.0 = Debug|Win32
		{93AA4412-165A-4E34-A989-29A150997689}.Develop|Win32.ActiveCfg = Debug|Win32
		{93AA4412-165A-4E34-A989-29A150997689}.Develop|Win32.Build.0 = Debug|Win32
		{93AA4412-165A-4E34-A989-29A150997689}.Release|CTR.ActiveCfg = Release|Win32
		{93AA4412-165A-4E34-A989-29A150997689}.Release|Mixed Platforms.ActiveCfg = Release|Win32
		{93AA4412-165A-4E34-A989-29A150997689}.Release|Mixed Platforms.Build.0 = Release|Win32
		{93AA4412-165A-4E34-A989-29A150997689}.Release|Win32.ActiveCfg = Release|Win32
		{93AA4412-165A-4E34-A989-29A150997689}.Release|Win32.Build.0 = Release|Win32
		{D89CE27E-B399-4C5E-8CC2-A4EAEA07E766}.Debug|CTR.ActiveCfg = Debug|Win32
		{D89CE27E-B399-4C5E-8CC2-A4EAEA07E766}.Debug|Mixed Platforms.ActiveCfg = Debug|Win32
		{D89CE27E-B399-4C5E-8CC2-A4EAEA07E766}.Debug|Mixed Platforms.Build.0 = Debug|Win32
		{D89CE27E-B399-4C5E-8CC2-A4EAEA07E766}.Debug|Win32.ActiveCfg = Debug|Win32
		{D89CE27E-B399-4C5E-8CC2-A4EAEA07E766}.Debug|Win32.Build.0 = Debug|Win32
		{D89CE27E-B399-4C5E-8CC2-A4EAEA07E766}.Develop|CTR.ActiveCfg = Debug|Win32
		{D89CE27E-B399-4C5E-8CC2-A4EAEA07E766}.Develop|Mixed Platforms.ActiveCfg = Debug|Win32
		{D89CE27E-B399-4C5E-8CC2-A4EAEA07E766}.Develop|Mixed Platforms.Build.0 = Debug|Win32
		{D89CE27E-B399-4C5E-8CC2-A4EAEA07E766}.Develop|Win32.ActiveCfg = Debug|Win32
		{D89CE27E-B399-4C5E-8CC2-A4EAEA07E766}.Develop|Win32.Build.0 = Debug|Win32
		{D89CE27E-B399-4C5E-8CC2-A4EAEA07E766}.Release|CTR.ActiveCfg = Release|Win32
		{D89CE27E-B399-4C5E-8CC2-A4EAEA07E766}.Release|Mixed Platforms.ActiveCfg = Release|Win32
		{D89CE27E-B399-4C5E-8CC2-A4EAEA07E766}.Release|Mixed Platforms.Build.0 = Release|Win32
		{D89CE27E-B399-4C5E-8CC2-A4EAEA07E766}.Release|Win32.ActiveCfg = Release|Win32
		{D89CE27E-B399-4C5E-8CC2-A4EAEA07E766}.Release|Win32.Build.0 = Release|Win32
		{FF12994E-A97D-4876-B522-09B1504075A1}.Debug|CTR.ActiveCfg = Debug|Win32
		{FF12994E-A97D-4876-B522-09B1504075A1}.Debug|Mixed Platforms.ActiveCfg = Debug|Win32
		{FF12994E-A97D-4876-B522-09B1504075A1}.Debug|Mixed Platforms.Build.0 = Debug|Win32
		{FF12994E-A97D-4876-B522-09B1504075A1}.Debug|Win32.ActiveCfg = Debug|Win32
		{FF12994E-A97D-4876-B522-09B1504075A1}.Debug|Win32.Build.0 = Debug|Win32
		{FF12994E-A97D-4876-B522-09B1504075A1}.Develop|CTR.ActiveCfg = Debug|Win32
		{FF12994E-A97D-4876-B522-09B1504075A1}.Develop|Mixed Platforms.ActiveCfg = Debug|Win32
		{FF12994E-A97D-4876-B522-09B1504075A1}.Develop|Mixed Platforms.Build.0 = Debug|Win32
		{FF12994E-A97D-4876-B522-09B1504075A1}.Develop|Win32.ActiveCfg = Debug|Win32
		{FF12994E-A97D-4876-B522-09B1504075A1}.Develop|Win32.Build.0 = Debug|Win32
		{FF12994E-A97D-4876-B522-09B1504075A1}.Release|CTR.ActiveCfg = Release|Win32
		{FF12994E-A97D-4876-B522-09B1504075A1}.Release|Mixed Platforms.ActiveCfg = Release|Win32
		{FF12994E-A97D-4876-B522-09B1504075A1}.Release|Mixed Platforms.Build.0 = Release|Win32
		{FF12994E-A97D-4876-B522-09B1504075A1}.Release|Win32.ActiveCfg = Release|Win32
		{FF12994E-A97D-4876-B522-09B1504075A1}.Release|Win32.Build.0 = Release|Win32
		{58AD8B7F-22B0-4A0D-AF4F-E52C00DE742F}.Debug|CTR.ActiveCfg = Debug|Win32
		{58AD8B7F-22B0-4A0D-AF4F-E52C00DE742F}.Debug|Mixed Platforms.ActiveCfg = Debug|Win32
		{58AD8B7F-22B0-4A0D-AF4F-E52C00DE742F}.Debug|Mixed Platforms.Build.0 = Debug|Win32
		{58AD8B7F-22B0-4A0D-AF4F-E52C00DE742F}.Debug|Win32.ActiveCfg = Debug|Win32
		{58AD8B7F-22B0-4A0D-AF4F-E52C00DE742F}.Debug|Win32.Build.0 = Debug|Win32
		{58AD8B7F-22B0-4A0D-AF4F-E52C00DE742F}.Develop|CTR.ActiveCfg = Debug|Win32
		{58AD8B7F-22B0-4A0D-AF4F-E52C00DE742F}.Develop|Mixed Platforms.ActiveCfg = Debug|Win32
		{58AD8B7F-22B0-4A0D-AF4F-E52C00DE742F}.Develop|Mixed Platforms.Build.0 = Debug|Win32
		{58AD8B7F-22B0-4A0D-AF4F-E52C00DE742F}.Develop|Win32.ActiveCfg = Debug|Win32
		{58AD8B7F-22B0-4A0D-AF4F-E52C00DE742F}.Develop|Win32.Build.0 = Debug|Win32
		{58AD8B7F-22B0-4A0D-AF4F-E52C00DE742F}.Release|CTR.ActiveCfg = Release|Win32
		{58AD8B7F-22B0-4A0D-AF4F-E52C00DE742F}.Release|Mixed Platforms.ActiveCfg = Release|Win32
		{58AD8B7F-22B0-4A0D-AF4F-E52C00DE742F}.Release|Mixed Platforms.Build.0 = Release|Win32
		{58AD8B7F-22B0-4A0D-AF4F-E52C00DE742F}.Release|Win32.ActiveCfg = Release|Win32
		{58AD8B7F-22B0-4A0D-AF4F-E52C00DE742F}.Release|Win32.Build.0 = Release|Win32
		{BBAC707B-44EA-45BA-AD93-323871F837AE}.Debug|CTR.ActiveCfg = Debug|CTR
		{BBAC707B-44EA-45BA-AD93-323871F837AE}.Debug|CTR.Build.0 = Debug|CTR
		{BBAC707B-44EA-45BA-AD93-323871F837AE}.Debug|Mixed Platforms.ActiveCfg = Debug|CTR
		{BBAC707B-44EA-45BA-AD93-323871F837AE}.Debug|Mixed Platforms.Build.0 = Debug|CTR
		{BBAC707B-44EA-45BA-AD93-323871F837AE}.Debug|Win32.ActiveCfg = Debug|CTR
		{BBAC707B-44EA-45BA-AD93-323871F837AE}.Develop|CTR.ActiveCfg = Develop|CTR
		{BBAC707B-44EA-45BA-AD93-323871F837AE}.Develop|CTR.Build.0 = Develop|CTR
		{BBAC707B-44EA-45BA-AD93-323871F837AE}.Develop|Mixed Platforms.ActiveCfg = Develop|CTR
		{BBAC707B-44EA-45BA-AD93-323871F837AE}.Develop|Mixed Platforms.Build.0 = Develop|CTR
		{BBAC707B-44EA-45BA-AD93-323871F837AE}.Develop|Win32.ActiveCfg = Develop|CTR
		{BBAC707B-44EA-45BA-AD93-323871F837AE}.Release|CTR.ActiveCfg = Release|CTR
		{BBAC707B-44EA-45BA-AD93-323871F837AE}.Release|CTR.Build.0 = Release|CTR
		{BBAC707B-44EA-45BA-AD93-323871F837AE}.Release|Mixed Platforms.ActiveCfg = Release|CTR
		{BBAC707B-44EA-45BA-AD93-323871F837AE}.Release|Mixed Platforms.Build.0 = Release|CTR
		{BBAC707B-44EA-45BA-AD93-323871F837AE}.Release|Win32.ActiveCfg = Release|CTR
	EndGlobalSection
	GlobalSection(SolutionProperties) = preSolution
		HideSolutionNode = FALSE
	EndGlobalSection
EndGlobal
