<?xml version="1.0" encoding="utf-8"?>
<Project ToolsVersion="4.0" xmlns="http://schemas.microsoft.com/developer/msbuild/2003">
  <ItemGroup>
    <Filter Include="ソース ファイル">
      <UniqueIdentifier>{45107b0f-ce51-41f4-8340-12f8fb619aee}</UniqueIdentifier>
      <Extensions>cpp;cxx;c++;cc;CC;c;s</Extensions>
    </Filter>
    <Filter Include="ヘッダー ファイル">
      <UniqueIdentifier>{c06db3f7-b92e-4a3f-8bf6-82571ba9ae84}</UniqueIdentifier>
      <Extensions>h;hpp</Extensions>
    </Filter>
    <Filter Include="ソース ファイル\common">
      <UniqueIdentifier>{8910cbda-74ae-4c14-b2cf-049516b820bd}</UniqueIdentifier>
    </Filter>
    <Filter Include="ヘッダー ファイル\common">
      <UniqueIdentifier>{06c25639-e224-4964-937b-0423c3eda0d3}</UniqueIdentifier>
    </Filter>
    <Filter Include="ソース ファイル\ScriptEngine">
      <UniqueIdentifier>{6cf8de9a-92b2-45dc-8a2c-49b793329f6b}</UniqueIdentifier>
    </Filter>
    <Filter Include="ソース ファイル\tinyxml">
      <UniqueIdentifier>{a9f4a33f-1ac5-43ba-ad3c-1983dcbc7b6a}</UniqueIdentifier>
    </Filter>
    <Filter Include="ソース ファイル\XmlBin">
      <UniqueIdentifier>{240780fe-d480-4b1e-bc45-113c72355e70}</UniqueIdentifier>
    </Filter>
    <Filter Include="ソース ファイル\XmlEnum">
      <UniqueIdentifier>{ebdc459e-8095-4873-8159-1fa28e2777b3}</UniqueIdentifier>
    </Filter>
    <Filter Include="ヘッダー ファイル\XmlBin">
      <UniqueIdentifier>{7903c052-011e-4f29-b5ee-3d7a79d737cb}</UniqueIdentifier>
    </Filter>
    <Filter Include="ヘッダー ファイル\tinyxml">
      <UniqueIdentifier>{3681b815-96dd-4515-959d-3512f72e1cd6}</UniqueIdentifier>
    </Filter>
    <Filter Include="ヘッダー ファイル\XmlEnum">
      <UniqueIdentifier>{a140d402-1f80-4eeb-a49e-a738f893e491}</UniqueIdentifier>
    </Filter>
    <Filter Include="ヘッダー ファイル\ScriptEngine">
      <UniqueIdentifier>{dfcb4161-13d8-48ca-a1bb-63e49ad777f7}</UniqueIdentifier>
    </Filter>
  </ItemGroup>
  <ItemGroup>
    <ClCompile Include="..\common\crc32.cpp">
      <Filter>ソース ファイル\common</Filter>
    </ClCompile>
    <ClCompile Include="..\common\Strbank.cpp">
      <Filter>ソース ファイル\common</Filter>
    </ClCompile>
    <ClCompile Include="..\AvsCore\ScriptEngine.cpp">
      <Filter>ソース ファイル</Filter>
    </ClCompile>
    <ClCompile Include="..\AvsCore\ScriptEngine\ScriptState.cpp">
      <Filter>ソース ファイル\ScriptEngine</Filter>
    </ClCompile>
    <ClCompile Include="..\tinyxml\tinystr.cpp">
      <Filter>ソース ファイル\tinyxml</Filter>
    </ClCompile>
    <ClCompile Include="..\tinyxml\tinyxml.cpp">
      <Filter>ソース ファイル\tinyxml</Filter>
    </ClCompile>
    <ClCompile Include="..\tinyxml\tinyxmlerror.cpp">
      <Filter>ソース ファイル\tinyxml</Filter>
    </ClCompile>
    <ClCompile Include="..\tinyxml\tinyxmlparser.cpp">
      <Filter>ソース ファイル\tinyxml</Filter>
    </ClCompile>
    <ClCompile Include="..\XmlBin\XmlBin.cpp">
      <Filter>ソース ファイル\XmlBin</Filter>
    </ClCompile>
    <ClCompile Include="..\XmlEnum\XmlEnum.cpp">
      <Filter>ソース ファイル\XmlEnum</Filter>
    </ClCompile>
  </ItemGroup>
  <ItemGroup>
    <ClInclude Include="..\avs.h">
      <Filter>ヘッダー ファイル</Filter>
    </ClInclude>
    <ClInclude Include="..\common\crc32.h">
      <Filter>ヘッダー ファイル\common</Filter>
    </ClInclude>
    <ClInclude Include="..\common\Strbank.h">
      <Filter>ヘッダー ファイル\common</Filter>
    </ClInclude>
    <ClInclude Include="..\XmlBin\miku.h">
      <Filter>ヘッダー ファイル\XmlBin</Filter>
    </ClInclude>
    <ClInclude Include="..\XmlBin\XmlBin.h">
      <Filter>ヘッダー ファイル\XmlBin</Filter>
    </ClInclude>
    <ClInclude Include="..\tinyxml\tinystr.h">
      <Filter>ヘッダー ファイル\tinyxml</Filter>
    </ClInclude>
    <ClInclude Include="..\tinyxml\tinyxml.h">
      <Filter>ヘッダー ファイル\tinyxml</Filter>
    </ClInclude>
    <ClInclude Include="..\XmlEnum\XmlEnum.h">
      <Filter>ヘッダー ファイル\XmlEnum</Filter>
    </ClInclude>
    <ClInclude Include="..\AvsCore\ScriptEngine\ScriptState.h">
      <Filter>ヘッダー ファイル\ScriptEngine</Filter>
    </ClInclude>
  </ItemGroup>
  <ItemGroup>
    <Text Include="ReadMe.txt" />
  </ItemGroup>
</Project>